
Microsoft Visual Studio Solution File, Format Version 12.00
# Visual Studio Version 17
VisualStudioVersion = 17.11.35312.102
MinimumVisualStudioVersion = 10.0.40219.1
Project("{8BC9CEB8-8B4A-11D0-8D11-00A0C91BC942}") = "21_yuv_player_qt", "21_yuv_player_qt\21_yuv_player_qt.vcxproj", "{D4ACBB69-B5CA-406F-8AF4-78EF26A5973A}"
EndProject
Global
	GlobalSection(SolutionConfigurationPlatforms) = preSolution
		Debug|x64 = Debug|x64
		Debug|x86 = Debug|x86
		Release|x64 = Release|x64
		Release|x86 = Release|x86
	EndGlobalSection
	GlobalSection(ProjectConfigurationPlatforms) = postSolution
		{D4ACBB69-B5CA-406F-8AF4-78EF26A5973A}.Debug|x64.ActiveCfg = Debug|x64
		{D4ACBB69-B5CA-406F-8AF4-78EF26A5973A}.Debug|x64.Build.0 = Debug|x64
		{D4ACBB69-B5CA-406F-8AF4-78EF26A5973A}.Debug|x86.ActiveCfg = Debug|Win32
		{D4ACBB69-B5CA-406F-8AF4-78EF26A5973A}.Debug|x86.Build.0 = Debug|Win32
		{D4ACBB69-B5CA-406F-8AF4-78EF26A5973A}.Release|x64.ActiveCfg = Release|x64
		{D4ACBB69-B5CA-406F-8AF4-78EF26A5973A}.Release|x64.Build.0 = Release|x64
		{D4ACBB69-B5CA-406F-8AF4-78EF26A5973A}.Release|x86.ActiveCfg = Release|Win32
		{D4ACBB69-B5CA-406F-8AF4-78EF26A5973A}.Release|x86.Build.0 = Release|Win32
	EndGlobalSection
	GlobalSection(SolutionProperties) = preSolution
		HideSolutionNode = FALSE
	EndGlobalSection
	GlobalSection(ExtensibilityGlobals) = postSolution
		SolutionGuid = {41314C3D-EE5B-4461-BD5F-EB81AA2FB54F}
	EndGlobalSection
EndGlobal
